// !$*UTF8*$!
{
	archiveVersion = 1;
	classes = {
	};
	objectVersion = 77;
	objects = {

/* Begin PBXBuildFile section */
		10E2294D2D522FC800F94A6E /* XCTest.framework in Frameworks */ = {isa = PBXBuildFile; fileRef = 10B7618D2D41097D00E2960C /* XCTest.framework */; platformFilter = ios; };
		10E2294E2D522FC800F94A6E /* XCTest.framework in Embed Frameworks */ = {isa = PBXBuildFile; fileRef = 10B7618D2D41097D00E2960C /* XCTest.framework */; platformFilter = ios; settings = {ATTRIBUTES = (CodeSignOnCopy, RemoveHeadersOnCopy, ); }; };
/* End PBXBuildFile section */

/* Begin PBXContainerItemProxy section */
		10171F872D3FFE030053BAB6 /* PBXContainerItemProxy */ = {
			isa = PBXContainerItemProxy;
			containerPortal = 10171F602D3FFE010053BAB6 /* Project object */;
			proxyType = 1;
			remoteGlobalIDString = 10171F672D3FFE010053BAB6;
			remoteInfo = "Payslip Max";
		};
		10E229422D522ED700F94A6E /* PBXContainerItemProxy */ = {
			isa = PBXContainerItemProxy;
			containerPortal = 10171F602D3FFE010053BAB6 /* Project object */;
			proxyType = 1;
			remoteGlobalIDString = 10171F672D3FFE010053BAB6;
			remoteInfo = "Payslip Max";
		};
/* End PBXContainerItemProxy section */

/* Begin PBXCopyFilesBuildPhase section */
		10E2294F2D522FC800F94A6E /* Embed Frameworks */ = {
			isa = PBXCopyFilesBuildPhase;
			buildActionMask = 2147483647;
			dstPath = "";
			dstSubfolderSpec = 10;
			files = (
				10E2294E2D522FC800F94A6E /* XCTest.framework in Embed Frameworks */,
			);
			name = "Embed Frameworks";
			runOnlyForDeploymentPostprocessing = 0;
		};
/* End PBXCopyFilesBuildPhase section */

/* Begin PBXFileReference section */
		10171F682D3FFE010053BAB6 /* Payslip Max.app */ = {isa = PBXFileReference; explicitFileType = wrapper.application; includeInIndex = 0; path = "Payslip Max.app"; sourceTree = BUILT_PRODUCTS_DIR; };
		10171F862D3FFE030053BAB6 /* Payslip MaxUITests.xctest */ = {isa = PBXFileReference; explicitFileType = wrapper.cfbundle; includeInIndex = 0; path = "Payslip MaxUITests.xctest"; sourceTree = BUILT_PRODUCTS_DIR; };
		10B7618D2D41097D00E2960C /* XCTest.framework */ = {isa = PBXFileReference; lastKnownFileType = wrapper.framework; name = XCTest.framework; path = Platforms/iPhoneOS.platform/Developer/Library/Frameworks/XCTest.framework; sourceTree = DEVELOPER_DIR; };
		10E2293E2D522ED700F94A6E /* PayslipMaxTests.xctest */ = {isa = PBXFileReference; explicitFileType = wrapper.cfbundle; includeInIndex = 0; path = PayslipMaxTests.xctest; sourceTree = BUILT_PRODUCTS_DIR; };
		10E43E552D413518001A5424 /* SwiftData.framework */ = {isa = PBXFileReference; lastKnownFileType = wrapper.framework; name = SwiftData.framework; path = Platforms/MacOSX.platform/Developer/SDKs/MacOSX15.2.sdk/System/Library/Frameworks/SwiftData.framework; sourceTree = DEVELOPER_DIR; };
/* End PBXFileReference section */

/* Begin PBXFileSystemSynchronizedBuildFileExceptionSet section */
		10171F8E2D3FFE030053BAB6 /* Exceptions for "Payslip Max" folder in "Payslip Max" target */ = {
			isa = PBXFileSystemSynchronizedBuildFileExceptionSet;
			membershipExceptions = (
				Info.plist,
			);
			target = 10171F672D3FFE010053BAB6 /* Payslip Max */;
		};
/* End PBXFileSystemSynchronizedBuildFileExceptionSet section */

/* Begin PBXFileSystemSynchronizedRootGroup section */
		10171F6A2D3FFE010053BAB6 /* Payslip Max */ = {
			isa = PBXFileSystemSynchronizedRootGroup;
			exceptions = (
				10171F8E2D3FFE030053BAB6 /* Exceptions for "Payslip Max" folder in "Payslip Max" target */,
			);
			path = "Payslip Max";
			sourceTree = "<group>";
		};
		10171F892D3FFE030053BAB6 /* Payslip MaxUITests */ = {
			isa = PBXFileSystemSynchronizedRootGroup;
			path = "Payslip MaxUITests";
			sourceTree = "<group>";
		};
		10E2293F2D522ED700F94A6E /* PayslipMaxTests */ = {
			isa = PBXFileSystemSynchronizedRootGroup;
			path = PayslipMaxTests;
			sourceTree = "<group>";
		};
/* End PBXFileSystemSynchronizedRootGroup section */

/* Begin PBXFrameworksBuildPhase section */
		10171F652D3FFE010053BAB6 /* Frameworks */ = {
			isa = PBXFrameworksBuildPhase;
			buildActionMask = 2147483647;
			files = (
			);
			runOnlyForDeploymentPostprocessing = 0;
		};
		10171F832D3FFE030053BAB6 /* Frameworks */ = {
			isa = PBXFrameworksBuildPhase;
			buildActionMask = 2147483647;
			files = (
			);
			runOnlyForDeploymentPostprocessing = 0;
		};
		10E2293B2D522ED700F94A6E /* Frameworks */ = {
			isa = PBXFrameworksBuildPhase;
			buildActionMask = 2147483647;
			files = (
				10E2294D2D522FC800F94A6E /* XCTest.framework in Frameworks */,
			);
			runOnlyForDeploymentPostprocessing = 0;
		};
/* End PBXFrameworksBuildPhase section */

/* Begin PBXGroup section */
		10171F5F2D3FFE010053BAB6 = {
			isa = PBXGroup;
			children = (
				10171F6A2D3FFE010053BAB6 /* Payslip Max */,
				10171F892D3FFE030053BAB6 /* Payslip MaxUITests */,
				10E2293F2D522ED700F94A6E /* PayslipMaxTests */,
				10B7618C2D41097D00E2960C /* Frameworks */,
				10171F692D3FFE010053BAB6 /* Products */,
			);
			sourceTree = "<group>";
		};
		10171F692D3FFE010053BAB6 /* Products */ = {
			isa = PBXGroup;
			children = (
				10171F682D3FFE010053BAB6 /* Payslip Max.app */,
				10171F862D3FFE030053BAB6 /* Payslip MaxUITests.xctest */,
				10E2293E2D522ED700F94A6E /* PayslipMaxTests.xctest */,
			);
			name = Products;
			sourceTree = "<group>";
		};
		10B7618C2D41097D00E2960C /* Frameworks */ = {
			isa = PBXGroup;
			children = (
				10E43E552D413518001A5424 /* SwiftData.framework */,
				10B7618D2D41097D00E2960C /* XCTest.framework */,
			);
			name = Frameworks;
			sourceTree = "<group>";
		};
/* End PBXGroup section */

/* Begin PBXNativeTarget section */
		10171F672D3FFE010053BAB6 /* Payslip Max */ = {
			isa = PBXNativeTarget;
			buildConfigurationList = 10171F8F2D3FFE030053BAB6 /* Build configuration list for PBXNativeTarget "Payslip Max" */;
			buildPhases = (
				10171F642D3FFE010053BAB6 /* Sources */,
				10171F652D3FFE010053BAB6 /* Frameworks */,
				10171F662D3FFE010053BAB6 /* Resources */,
			);
			buildRules = (
			);
			dependencies = (
			);
			fileSystemSynchronizedGroups = (
				10171F6A2D3FFE010053BAB6 /* Payslip Max */,
			);
			name = "Payslip Max";
			packageProductDependencies = (
			);
			productName = "Payslip Max";
			productReference = 10171F682D3FFE010053BAB6 /* Payslip Max.app */;
			productType = "com.apple.product-type.application";
		};
		10171F852D3FFE030053BAB6 /* Payslip MaxUITests */ = {
			isa = PBXNativeTarget;
			buildConfigurationList = 10171F972D3FFE030053BAB6 /* Build configuration list for PBXNativeTarget "Payslip MaxUITests" */;
			buildPhases = (
				10171F822D3FFE030053BAB6 /* Sources */,
				10171F832D3FFE030053BAB6 /* Frameworks */,
				10171F842D3FFE030053BAB6 /* Resources */,
			);
			buildRules = (
			);
			dependencies = (
				10171F882D3FFE030053BAB6 /* PBXTargetDependency */,
			);
			fileSystemSynchronizedGroups = (
				10171F892D3FFE030053BAB6 /* Payslip MaxUITests */,
			);
			name = "Payslip MaxUITests";
			packageProductDependencies = (
			);
			productName = "Payslip MaxUITests";
			productReference = 10171F862D3FFE030053BAB6 /* Payslip MaxUITests.xctest */;
			productType = "com.apple.product-type.bundle.ui-testing";
		};
		10E2293D2D522ED700F94A6E /* PayslipMaxTests */ = {
			isa = PBXNativeTarget;
			buildConfigurationList = 10E229462D522ED700F94A6E /* Build configuration list for PBXNativeTarget "PayslipMaxTests" */;
			buildPhases = (
				10E2293A2D522ED700F94A6E /* Sources */,
				10E2293B2D522ED700F94A6E /* Frameworks */,
				10E2293C2D522ED700F94A6E /* Resources */,
				10E2294F2D522FC800F94A6E /* Embed Frameworks */,
			);
			buildRules = (
			);
			dependencies = (
				10E229432D522ED700F94A6E /* PBXTargetDependency */,
			);
			fileSystemSynchronizedGroups = (
				10E2293F2D522ED700F94A6E /* PayslipMaxTests */,
			);
			name = PayslipMaxTests;
			packageProductDependencies = (
			);
			productName = PayslipMaxTests;
			productReference = 10E2293E2D522ED700F94A6E /* PayslipMaxTests.xctest */;
			productType = "com.apple.product-type.bundle.unit-test";
		};
/* End PBXNativeTarget section */

/* Begin PBXProject section */
		10171F602D3FFE010053BAB6 /* Project object */ = {
			isa = PBXProject;
			attributes = {
				BuildIndependentTargetsInParallel = 1;
				LastSwiftUpdateCheck = 1620;
				LastUpgradeCheck = 1620;
				TargetAttributes = {
					10171F672D3FFE010053BAB6 = {
						CreatedOnToolsVersion = 16.2;
					};
					10171F852D3FFE030053BAB6 = {
						CreatedOnToolsVersion = 16.2;
						TestTargetID = 10171F672D3FFE010053BAB6;
					};
					10E2293D2D522ED700F94A6E = {
						CreatedOnToolsVersion = 16.2;
						TestTargetID = 10171F672D3FFE010053BAB6;
					};
				};
			};
			buildConfigurationList = 10171F632D3FFE010053BAB6 /* Build configuration list for PBXProject "Payslip Max" */;
			developmentRegion = en;
			hasScannedForEncodings = 0;
			knownRegions = (
				en,
				Base,
			);
			mainGroup = 10171F5F2D3FFE010053BAB6;
			minimizedProjectReferenceProxies = 1;
			preferredProjectObjectVersion = 77;
			productRefGroup = 10171F692D3FFE010053BAB6 /* Products */;
			projectDirPath = "";
			projectRoot = "";
			targets = (
				10171F672D3FFE010053BAB6 /* Payslip Max */,
				10171F852D3FFE030053BAB6 /* Payslip MaxUITests */,
				10E2293D2D522ED700F94A6E /* PayslipMaxTests */,
			);
		};
/* End PBXProject section */

/* Begin PBXResourcesBuildPhase section */
		10171F662D3FFE010053BAB6 /* Resources */ = {
			isa = PBXResourcesBuildPhase;
			buildActionMask = 2147483647;
			files = (
			);
			runOnlyForDeploymentPostprocessing = 0;
		};
		10171F842D3FFE030053BAB6 /* Resources */ = {
			isa = PBXResourcesBuildPhase;
			buildActionMask = 2147483647;
			files = (
			);
			runOnlyForDeploymentPostprocessing = 0;
		};
		10E2293C2D522ED700F94A6E /* Resources */ = {
			isa = PBXResourcesBuildPhase;
			buildActionMask = 2147483647;
			files = (
			);
			runOnlyForDeploymentPostprocessing = 0;
		};
/* End PBXResourcesBuildPhase section */

/* Begin PBXSourcesBuildPhase section */
		10171F642D3FFE010053BAB6 /* Sources */ = {
			isa = PBXSourcesBuildPhase;
			buildActionMask = 2147483647;
			files = (
			);
			runOnlyForDeploymentPostprocessing = 0;
		};
		10171F822D3FFE030053BAB6 /* Sources */ = {
			isa = PBXSourcesBuildPhase;
			buildActionMask = 2147483647;
			files = (
			);
			runOnlyForDeploymentPostprocessing = 0;
		};
		10E2293A2D522ED700F94A6E /* Sources */ = {
			isa = PBXSourcesBuildPhase;
			buildActionMask = 2147483647;
			files = (
			);
			runOnlyForDeploymentPostprocessing = 0;
		};
/* End PBXSourcesBuildPhase section */

/* Begin PBXTargetDependency section */
		10171F882D3FFE030053BAB6 /* PBXTargetDependency */ = {
			isa = PBXTargetDependency;
			target = 10171F672D3FFE010053BAB6 /* Payslip Max */;
			targetProxy = 10171F872D3FFE030053BAB6 /* PBXContainerItemProxy */;
		};
		10E229432D522ED700F94A6E /* PBXTargetDependency */ = {
			isa = PBXTargetDependency;
			target = 10171F672D3FFE010053BAB6 /* Payslip Max */;
			targetProxy = 10E229422D522ED700F94A6E /* PBXContainerItemProxy */;
		};
/* End PBXTargetDependency section */

/* Begin XCBuildConfiguration section */
		10171F902D3FFE030053BAB6 /* Debug */ = {
			isa = XCBuildConfiguration;
			buildSettings = {
				ASSETCATALOG_COMPILER_APPICON_NAME = AppIcon;
				ASSETCATALOG_COMPILER_GLOBAL_ACCENT_COLOR_NAME = AccentColor;
				CODE_SIGN_ENTITLEMENTS = "Payslip Max/Payslip_Max.entitlements";
				CODE_SIGN_STYLE = Automatic;
				CURRENT_PROJECT_VERSION = 1;
				DEVELOPMENT_ASSET_PATHS = "\"Payslip Max/Preview Content\"";
				DEVELOPMENT_TEAM = CCVJR9P725;
				ENABLE_PREVIEWS = YES;
				GENERATE_INFOPLIST_FILE = YES;
				INFOPLIST_FILE = "Payslip Max/Info.plist";
				INFOPLIST_KEY_UIApplicationSceneManifest_Generation = YES;
				INFOPLIST_KEY_UIApplicationSupportsIndirectInputEvents = YES;
				INFOPLIST_KEY_UILaunchScreen_Generation = YES;
				INFOPLIST_KEY_UISupportedInterfaceOrientations_iPad = "UIInterfaceOrientationPortrait UIInterfaceOrientationPortraitUpsideDown UIInterfaceOrientationLandscapeLeft UIInterfaceOrientationLandscapeRight";
				INFOPLIST_KEY_UISupportedInterfaceOrientations_iPhone = "UIInterfaceOrientationPortrait UIInterfaceOrientationLandscapeLeft UIInterfaceOrientationLandscapeRight";
				LD_RUNPATH_SEARCH_PATHS = (
					"$(inherited)",
					"@executable_path/Frameworks",
				);
				MARKETING_VERSION = 1.0;
				PRODUCT_BUNDLE_IDENTIFIER = "com.app.payslipmax.Payslip-Max";
				PRODUCT_NAME = "$(TARGET_NAME)";
				SWIFT_EMIT_LOC_STRINGS = YES;
				SWIFT_VERSION = 5.0;
				TARGETED_DEVICE_FAMILY = "1,2";
			};
			name = Debug;
		};
		10171F912D3FFE030053BAB6 /* Release */ = {
			isa = XCBuildConfiguration;
			buildSettings = {
				ASSETCATALOG_COMPILER_APPICON_NAME = AppIcon;
				ASSETCATALOG_COMPILER_GLOBAL_ACCENT_COLOR_NAME = AccentColor;
				CODE_SIGN_ENTITLEMENTS = "Payslip Max/Payslip_Max.entitlements";
				CODE_SIGN_STYLE = Automatic;
				CURRENT_PROJECT_VERSION = 1;
				DEVELOPMENT_ASSET_PATHS = "\"Payslip Max/Preview Content\"";
				DEVELOPMENT_TEAM = CCVJR9P725;
				ENABLE_PREVIEWS = YES;
				GENERATE_INFOPLIST_FILE = YES;
				INFOPLIST_FILE = "Payslip Max/Info.plist";
				INFOPLIST_KEY_UIApplicationSceneManifest_Generation = YES;
				INFOPLIST_KEY_UIApplicationSupportsIndirectInputEvents = YES;
				INFOPLIST_KEY_UILaunchScreen_Generation = YES;
				INFOPLIST_KEY_UISupportedInterfaceOrientations_iPad = "UIInterfaceOrientationPortrait UIInterfaceOrientationPortraitUpsideDown UIInterfaceOrientationLandscapeLeft UIInterfaceOrientationLandscapeRight";
				INFOPLIST_KEY_UISupportedInterfaceOrientations_iPhone = "UIInterfaceOrientationPortrait UIInterfaceOrientationLandscapeLeft UIInterfaceOrientationLandscapeRight";
				LD_RUNPATH_SEARCH_PATHS = (
					"$(inherited)",
					"@executable_path/Frameworks",
				);
				MARKETING_VERSION = 1.0;
				PRODUCT_BUNDLE_IDENTIFIER = "com.app.payslipmax.Payslip-Max";
				PRODUCT_NAME = "$(TARGET_NAME)";
				SWIFT_EMIT_LOC_STRINGS = YES;
				SWIFT_VERSION = 5.0;
				TARGETED_DEVICE_FAMILY = "1,2";
			};
			name = Release;
		};
		10171F922D3FFE030053BAB6 /* Debug */ = {
			isa = XCBuildConfiguration;
			buildSettings = {
				ALWAYS_SEARCH_USER_PATHS = NO;
				ASSETCATALOG_COMPILER_GENERATE_SWIFT_ASSET_SYMBOL_EXTENSIONS = YES;
				CLANG_ANALYZER_NONNULL = YES;
				CLANG_ANALYZER_NUMBER_OBJECT_CONVERSION = YES_AGGRESSIVE;
				CLANG_CXX_LANGUAGE_STANDARD = "gnu++20";
				CLANG_ENABLE_MODULES = YES;
				CLANG_ENABLE_OBJC_ARC = YES;
				CLANG_ENABLE_OBJC_WEAK = YES;
				CLANG_WARN_BLOCK_CAPTURE_AUTORELEASING = YES;
				CLANG_WARN_BOOL_CONVERSION = YES;
				CLANG_WARN_COMMA = YES;
				CLANG_WARN_CONSTANT_CONVERSION = YES;
				CLANG_WARN_DEPRECATED_OBJC_IMPLEMENTATIONS = YES;
				CLANG_WARN_DIRECT_OBJC_ISA_USAGE = YES_ERROR;
				CLANG_WARN_DOCUMENTATION_COMMENTS = YES;
				CLANG_WARN_EMPTY_BODY = YES;
				CLANG_WARN_ENUM_CONVERSION = YES;
				CLANG_WARN_INFINITE_RECURSION = YES;
				CLANG_WARN_INT_CONVERSION = YES;
				CLANG_WARN_NON_LITERAL_NULL_CONVERSION = YES;
				CLANG_WARN_OBJC_IMPLICIT_RETAIN_SELF = YES;
				CLANG_WARN_OBJC_LITERAL_CONVERSION = YES;
				CLANG_WARN_OBJC_ROOT_CLASS = YES_ERROR;
				CLANG_WARN_QUOTED_INCLUDE_IN_FRAMEWORK_HEADER = YES;
				CLANG_WARN_RANGE_LOOP_ANALYSIS = YES;
				CLANG_WARN_STRICT_PROTOTYPES = YES;
				CLANG_WARN_SUSPICIOUS_MOVE = YES;
				CLANG_WARN_UNGUARDED_AVAILABILITY = YES_AGGRESSIVE;
				CLANG_WARN_UNREACHABLE_CODE = YES;
				CLANG_WARN__DUPLICATE_METHOD_MATCH = YES;
				COPY_PHASE_STRIP = NO;
				DEBUG_INFORMATION_FORMAT = dwarf;
				ENABLE_STRICT_OBJC_MSGSEND = YES;
				ENABLE_TESTABILITY = YES;
				ENABLE_USER_SCRIPT_SANDBOXING = YES;
				GCC_C_LANGUAGE_STANDARD = gnu17;
				GCC_DYNAMIC_NO_PIC = NO;
				GCC_NO_COMMON_BLOCKS = YES;
				GCC_OPTIMIZATION_LEVEL = 0;
				GCC_PREPROCESSOR_DEFINITIONS = (
					"DEBUG=1",
					"$(inherited)",
				);
				GCC_WARN_64_TO_32_BIT_CONVERSION = YES;
				GCC_WARN_ABOUT_RETURN_TYPE = YES_ERROR;
				GCC_WARN_UNDECLARED_SELECTOR = YES;
				GCC_WARN_UNINITIALIZED_AUTOS = YES_AGGRESSIVE;
				GCC_WARN_UNUSED_FUNCTION = YES;
				GCC_WARN_UNUSED_VARIABLE = YES;
				IPHONEOS_DEPLOYMENT_TARGET = 18.2;
				LOCALIZATION_PREFERS_STRING_CATALOGS = YES;
				MTL_ENABLE_DEBUG_INFO = INCLUDE_SOURCE;
				MTL_FAST_MATH = YES;
				ONLY_ACTIVE_ARCH = YES;
				SDKROOT = iphoneos;
				SWIFT_ACTIVE_COMPILATION_CONDITIONS = "DEBUG $(inherited)";
				SWIFT_OPTIMIZATION_LEVEL = "-Onone";
			};
			name = Debug;
		};
		10171F932D3FFE030053BAB6 /* Release */ = {
			isa = XCBuildConfiguration;
			buildSettings = {
				ALWAYS_SEARCH_USER_PATHS = NO;
				ASSETCATALOG_COMPILER_GENERATE_SWIFT_ASSET_SYMBOL_EXTENSIONS = YES;
				CLANG_ANALYZER_NONNULL = YES;
				CLANG_ANALYZER_NUMBER_OBJECT_CONVERSION = YES_AGGRESSIVE;
				CLANG_CXX_LANGUAGE_STANDARD = "gnu++20";
				CLANG_ENABLE_MODULES = YES;
				CLANG_ENABLE_OBJC_ARC = YES;
				CLANG_ENABLE_OBJC_WEAK = YES;
				CLANG_WARN_BLOCK_CAPTURE_AUTORELEASING = YES;
				CLANG_WARN_BOOL_CONVERSION = YES;
				CLANG_WARN_COMMA = YES;
				CLANG_WARN_CONSTANT_CONVERSION = YES;
				CLANG_WARN_DEPRECATED_OBJC_IMPLEMENTATIONS = YES;
				CLANG_WARN_DIRECT_OBJC_ISA_USAGE = YES_ERROR;
				CLANG_WARN_DOCUMENTATION_COMMENTS = YES;
				CLANG_WARN_EMPTY_BODY = YES;
				CLANG_WARN_ENUM_CONVERSION = YES;
				CLANG_WARN_INFINITE_RECURSION = YES;
				CLANG_WARN_INT_CONVERSION = YES;
				CLANG_WARN_NON_LITERAL_NULL_CONVERSION = YES;
				CLANG_WARN_OBJC_IMPLICIT_RETAIN_SELF = YES;
				CLANG_WARN_OBJC_LITERAL_CONVERSION = YES;
				CLANG_WARN_OBJC_ROOT_CLASS = YES_ERROR;
				CLANG_WARN_QUOTED_INCLUDE_IN_FRAMEWORK_HEADER = YES;
				CLANG_WARN_RANGE_LOOP_ANALYSIS = YES;
				CLANG_WARN_STRICT_PROTOTYPES = YES;
				CLANG_WARN_SUSPICIOUS_MOVE = YES;
				CLANG_WARN_UNGUARDED_AVAILABILITY = YES_AGGRESSIVE;
				CLANG_WARN_UNREACHABLE_CODE = YES;
				CLANG_WARN__DUPLICATE_METHOD_MATCH = YES;
				COPY_PHASE_STRIP = NO;
				DEBUG_INFORMATION_FORMAT = "dwarf-with-dsym";
				ENABLE_NS_ASSERTIONS = NO;
				ENABLE_STRICT_OBJC_MSGSEND = YES;
				ENABLE_USER_SCRIPT_SANDBOXING = YES;
				GCC_C_LANGUAGE_STANDARD = gnu17;
				GCC_NO_COMMON_BLOCKS = YES;
				GCC_WARN_64_TO_32_BIT_CONVERSION = YES;
				GCC_WARN_ABOUT_RETURN_TYPE = YES_ERROR;
				GCC_WARN_UNDECLARED_SELECTOR = YES;
				GCC_WARN_UNINITIALIZED_AUTOS = YES_AGGRESSIVE;
				GCC_WARN_UNUSED_FUNCTION = YES;
				GCC_WARN_UNUSED_VARIABLE = YES;
				IPHONEOS_DEPLOYMENT_TARGET = 18.2;
				LOCALIZATION_PREFERS_STRING_CATALOGS = YES;
				MTL_ENABLE_DEBUG_INFO = NO;
				MTL_FAST_MATH = YES;
				SDKROOT = iphoneos;
				SWIFT_COMPILATION_MODE = wholemodule;
				VALIDATE_PRODUCT = YES;
			};
			name = Release;
		};
		10171F982D3FFE030053BAB6 /* Debug */ = {
			isa = XCBuildConfiguration;
			buildSettings = {
				CODE_SIGN_STYLE = Automatic;
				CURRENT_PROJECT_VERSION = 1;
				DEVELOPMENT_TEAM = CCVJR9P725;
				GENERATE_INFOPLIST_FILE = YES;
				MARKETING_VERSION = 1.0;
				PRODUCT_BUNDLE_IDENTIFIER = "com.app.payslipmax.Payslip-MaxUITests";
				PRODUCT_NAME = "$(TARGET_NAME)";
				SWIFT_EMIT_LOC_STRINGS = NO;
				SWIFT_VERSION = 5.0;
				TARGETED_DEVICE_FAMILY = "1,2";
				TEST_TARGET_NAME = "Payslip Max";
			};
			name = Debug;
		};
		10171F992D3FFE030053BAB6 /* Release */ = {
			isa = XCBuildConfiguration;
			buildSettings = {
				CODE_SIGN_STYLE = Automatic;
				CURRENT_PROJECT_VERSION = 1;
				DEVELOPMENT_TEAM = CCVJR9P725;
				GENERATE_INFOPLIST_FILE = YES;
				MARKETING_VERSION = 1.0;
				PRODUCT_BUNDLE_IDENTIFIER = "com.app.payslipmax.Payslip-MaxUITests";
				PRODUCT_NAME = "$(TARGET_NAME)";
				SWIFT_EMIT_LOC_STRINGS = NO;
				SWIFT_VERSION = 5.0;
				TARGETED_DEVICE_FAMILY = "1,2";
				TEST_TARGET_NAME = "Payslip Max";
			};
			name = Release;
		};
		10E229442D522ED700F94A6E /* Debug */ = {
			isa = XCBuildConfiguration;
			buildSettings = {
				BUNDLE_LOADER = "$(TEST_HOST)";
				CODE_SIGN_STYLE = Automatic;
				CURRENT_PROJECT_VERSION = 1;
				DEVELOPMENT_TEAM = CCVJR9P725;
				FRAMEWORK_SEARCH_PATHS = (
					"$(PLATFORM_DIR)/Developer/Library/Frameworks/**",
					"$(DEVELOPER_FRAMEWORKS_DIR)",
				);
				GENERATE_INFOPLIST_FILE = YES;
				MARKETING_VERSION = 1.0;
				PRODUCT_BUNDLE_IDENTIFIER = com.app.payslipmax.PayslipMaxTests;
				PRODUCT_NAME = "$(TARGET_NAME)";
				SWIFT_EMIT_LOC_STRINGS = NO;
				SWIFT_VERSION = 5.0;
				TARGETED_DEVICE_FAMILY = "1,2";
				TEST_HOST = "$(BUILT_PRODUCTS_DIR)/Payslip Max.app/$(BUNDLE_EXECUTABLE_FOLDER_PATH)/Payslip Max";
			};
			name = Debug;
		};
		10E229452D522ED700F94A6E /* Release */ = {
			isa = XCBuildConfiguration;
			buildSettings = {
				BUNDLE_LOADER = "$(TEST_HOST)";
				CODE_SIGN_STYLE = Automatic;
				CURRENT_PROJECT_VERSION = 1;
				DEVELOPMENT_TEAM = CCVJR9P725;
				FRAMEWORK_SEARCH_PATHS = (
					"$(PLATFORM_DIR)/Developer/Library/Frameworks/**",
					"$(DEVELOPER_FRAMEWORKS_DIR)",
				);
				GENERATE_INFOPLIST_FILE = YES;
				MARKETING_VERSION = 1.0;
				PRODUCT_BUNDLE_IDENTIFIER = com.app.payslipmax.PayslipMaxTests;
				PRODUCT_NAME = "$(TARGET_NAME)";
				SWIFT_EMIT_LOC_STRINGS = NO;
				SWIFT_VERSION = 5.0;
				TARGETED_DEVICE_FAMILY = "1,2";
				TEST_HOST = "$(BUILT_PRODUCTS_DIR)/Payslip Max.app/$(BUNDLE_EXECUTABLE_FOLDER_PATH)/Payslip Max";
			};
			name = Release;
		};
/* End XCBuildConfiguration section */

/* Begin XCConfigurationList section */
		10171F632D3FFE010053BAB6 /* Build configuration list for PBXProject "Payslip Max" */ = {
			isa = XCConfigurationList;
			buildConfigurations = (
				10171F922D3FFE030053BAB6 /* Debug */,
				10171F932D3FFE030053BAB6 /* Release */,
			);
			defaultConfigurationIsVisible = 0;
			defaultConfigurationName = Release;
		};
		10171F8F2D3FFE030053BAB6 /* Build configuration list for PBXNativeTarget "Payslip Max" */ = {
			isa = XCConfigurationList;
			buildConfigurations = (
				10171F902D3FFE030053BAB6 /* Debug */,
				10171F912D3FFE030053BAB6 /* Release */,
			);
			defaultConfigurationIsVisible = 0;
			defaultConfigurationName = Release;
		};
		10171F972D3FFE030053BAB6 /* Build configuration list for PBXNativeTarget "Payslip MaxUITests" */ = {
			isa = XCConfigurationList;
			buildConfigurations = (
				10171F982D3FFE030053BAB6 /* Debug */,
				10171F992D3FFE030053BAB6 /* Release */,
			);
			defaultConfigurationIsVisible = 0;
			defaultConfigurationName = Release;
		};
		10E229462D522ED700F94A6E /* Build configuration list for PBXNativeTarget "PayslipMaxTests" */ = {
			isa = XCConfigurationList;
			buildConfigurations = (
				10E229442D522ED700F94A6E /* Debug */,
				10E229452D522ED700F94A6E /* Release */,
			);
			defaultConfigurationIsVisible = 0;
			defaultConfigurationName = Release;
		};
/* End XCConfigurationList section */
	};
	rootObject = 10171F602D3FFE010053BAB6 /* Project object */;
}
